// !$*UTF8*$!
{
	archiveVersion = 1;
	classes = {
	};
	objectVersion = 56;
	objects = {

/* Begin PBXBuildFile section */
		6B24893029CFA1BC0066BB80 /* ApplicationData.swift in Sources */ = {isa = PBXBuildFile; fileRef = 6B24892F29CFA1BC0066BB80 /* ApplicationData.swift */; };
		6B24893229CFB0540066BB80 /* HistoryData+Extensions.swift in Sources */ = {isa = PBXBuildFile; fileRef = 6B24893129CFB0540066BB80 /* HistoryData+Extensions.swift */; };
		6B326101295A65D20067C9E4 /* DyslexicABCApp.swift in Sources */ = {isa = PBXBuildFile; fileRef = 6B326100295A65D20067C9E4 /* DyslexicABCApp.swift */; };
		6B326103295A65D20067C9E4 /* HistoryView.swift in Sources */ = {isa = PBXBuildFile; fileRef = 6B326102295A65D20067C9E4 /* HistoryView.swift */; };
		6B326105295A65D40067C9E4 /* Assets.xcassets in Resources */ = {isa = PBXBuildFile; fileRef = 6B326104295A65D40067C9E4 /* Assets.xcassets */; };
		6B326108295A65D40067C9E4 /* Preview Assets.xcassets in Resources */ = {isa = PBXBuildFile; fileRef = 6B326107295A65D40067C9E4 /* Preview Assets.xcassets */; };
		6B49F795298C7B16005A4C6B /* a-estrelinha-do-mar.mp3 in Resources */ = {isa = PBXBuildFile; fileRef = 6B49F794298C7B16005A4C6B /* a-estrelinha-do-mar.mp3 */; };
		6B53865629CE1FCF0050C441 /* CoreDataModel.xcdatamodeld in Sources */ = {isa = PBXBuildFile; fileRef = 6B53865429CE1FCF0050C441 /* CoreDataModel.xcdatamodeld */; };
		6B782D7A29D3A36600666A02 /* ApplicationCloudKitData.swift in Sources */ = {isa = PBXBuildFile; fileRef = 6B782D7929D3A36600666A02 /* ApplicationCloudKitData.swift */; };
		6B7B728129DCD10C003A06DF /* Metrics.swift in Sources */ = {isa = PBXBuildFile; fileRef = 6B7B728029DCD10C003A06DF /* Metrics.swift */; };
		6B7B728329DCD450003A06DF /* CardHistory.swift in Sources */ = {isa = PBXBuildFile; fileRef = 6B7B728229DCD450003A06DF /* CardHistory.swift */; };
		6B7DE12E2991BB2300F5EFB7 /* PlayerManager.swift in Sources */ = {isa = PBXBuildFile; fileRef = 6B7DE12D2991BB2300F5EFB7 /* PlayerManager.swift */; };
		6B9AF3D029D25B97007DF2AB /* HomeViewModel.swift in Sources */ = {isa = PBXBuildFile; fileRef = 6B9AF3CF29D25B97007DF2AB /* HomeViewModel.swift */; };
		6B9AF3D229D25BA2007DF2AB /* HomeView.swift in Sources */ = {isa = PBXBuildFile; fileRef = 6B9AF3D129D25BA2007DF2AB /* HomeView.swift */; };
		6B9AF3D429D25BAD007DF2AB /* HomeCodableModel.swift in Sources */ = {isa = PBXBuildFile; fileRef = 6B9AF3D329D25BAD007DF2AB /* HomeCodableModel.swift */; };
		6BA2E2CA29DB5FAC00E5F16B /* home.json in Resources */ = {isa = PBXBuildFile; fileRef = 6BA2E2C929DB5FAC00E5F16B /* home.json */; };
		6BA2E2CC29DB651900E5F16B /* HomeDataModel+Extensions.swift in Sources */ = {isa = PBXBuildFile; fileRef = 6BA2E2CB29DB651900E5F16B /* HomeDataModel+Extensions.swift */; };
		6BA2E2D129DB944500E5F16B /* Router.swift in Sources */ = {isa = PBXBuildFile; fileRef = 6BA2E2D029DB944500E5F16B /* Router.swift */; };
		6BA2E2D329DB946E00E5F16B /* Coordinator.swift in Sources */ = {isa = PBXBuildFile; fileRef = 6BA2E2D229DB946E00E5F16B /* Coordinator.swift */; };
		6BA2E2D629DB94FE00E5F16B /* ViewFactory.swift in Sources */ = {isa = PBXBuildFile; fileRef = 6BA2E2D529DB94FE00E5F16B /* ViewFactory.swift */; };
		6BAC747D2989AB86003039EE /* TextView.swift in Sources */ = {isa = PBXBuildFile; fileRef = 6BAC747C2989AB86003039EE /* TextView.swift */; };
		6BAC74842989B119003039EE /* HistoryViewModel.swift in Sources */ = {isa = PBXBuildFile; fileRef = 6BAC74832989B119003039EE /* HistoryViewModel.swift */; };
		6BAC74862989B128003039EE /* HistoryCodableData.swift in Sources */ = {isa = PBXBuildFile; fileRef = 6BAC74852989B128003039EE /* HistoryCodableData.swift */; };
		6BAC74892989B15A003039EE /* Speaker.swift in Sources */ = {isa = PBXBuildFile; fileRef = 6BAC74882989B15A003039EE /* Speaker.swift */; };
		6BAC748E2989D9FB003039EE /* a-estrelinha-do-mar.json in Resources */ = {isa = PBXBuildFile; fileRef = 6BAC748D2989D9FB003039EE /* a-estrelinha-do-mar.json */; };
		6BAC74902989DB48003039EE /* ReadJsonData.swift in Sources */ = {isa = PBXBuildFile; fileRef = 6BAC748F2989DB48003039EE /* ReadJsonData.swift */; };
		6BAC74962989DE89003039EE /* OpendyslexicBold-9Yo9n.otf in Resources */ = {isa = PBXBuildFile; fileRef = 6BAC74922989DE89003039EE /* OpendyslexicBold-9Yo9n.otf */; };
		6BAC74972989DE89003039EE /* OpendyslexicRegular-nRLZ0.otf in Resources */ = {isa = PBXBuildFile; fileRef = 6BAC74932989DE89003039EE /* OpendyslexicRegular-nRLZ0.otf */; };
		6BAC74982989DE89003039EE /* OpendyslexicItalic-lgd50.otf in Resources */ = {isa = PBXBuildFile; fileRef = 6BAC74942989DE89003039EE /* OpendyslexicItalic-lgd50.otf */; };
		6BAC74992989DE89003039EE /* OpendyslexicBoldItalic-ywjGe.otf in Resources */ = {isa = PBXBuildFile; fileRef = 6BAC74952989DE89003039EE /* OpendyslexicBoldItalic-ywjGe.otf */; };
		6BAC749C2989DF8E003039EE /* CustomFont.swift in Sources */ = {isa = PBXBuildFile; fileRef = 6BAC749B2989DF8E003039EE /* CustomFont.swift */; };
		6BAC74A22989EED4003039EE /* Silkscreen-Regular.ttf in Resources */ = {isa = PBXBuildFile; fileRef = 6BAC74A12989EED4003039EE /* Silkscreen-Regular.ttf */; };
		6BAC74A42989EF74003039EE /* open-dyslexic.ttf in Resources */ = {isa = PBXBuildFile; fileRef = 6BAC74A32989EF74003039EE /* open-dyslexic.ttf */; };
/* End PBXBuildFile section */

/* Begin PBXFileReference section */
		6B24892F29CFA1BC0066BB80 /* ApplicationData.swift */ = {isa = PBXFileReference; lastKnownFileType = sourcecode.swift; path = ApplicationData.swift; sourceTree = "<group>"; };
		6B24893129CFB0540066BB80 /* HistoryData+Extensions.swift */ = {isa = PBXFileReference; lastKnownFileType = sourcecode.swift; path = "HistoryData+Extensions.swift"; sourceTree = "<group>"; };
		6B3260FD295A65D20067C9E4 /* DyslexicABC.app */ = {isa = PBXFileReference; explicitFileType = wrapper.application; includeInIndex = 0; path = DyslexicABC.app; sourceTree = BUILT_PRODUCTS_DIR; };
		6B326100295A65D20067C9E4 /* DyslexicABCApp.swift */ = {isa = PBXFileReference; lastKnownFileType = sourcecode.swift; path = DyslexicABCApp.swift; sourceTree = "<group>"; };
		6B326102295A65D20067C9E4 /* HistoryView.swift */ = {isa = PBXFileReference; lastKnownFileType = sourcecode.swift; path = HistoryView.swift; sourceTree = "<group>"; };
		6B326104295A65D40067C9E4 /* Assets.xcassets */ = {isa = PBXFileReference; lastKnownFileType = folder.assetcatalog; path = Assets.xcassets; sourceTree = "<group>"; };
		6B326107295A65D40067C9E4 /* Preview Assets.xcassets */ = {isa = PBXFileReference; lastKnownFileType = folder.assetcatalog; path = "Preview Assets.xcassets"; sourceTree = "<group>"; };
		6B49F794298C7B16005A4C6B /* a-estrelinha-do-mar.mp3 */ = {isa = PBXFileReference; lastKnownFileType = audio.mp3; path = "a-estrelinha-do-mar.mp3"; sourceTree = "<group>"; };
		6B53865529CE1FCF0050C441 /* StoryDataModel.xcdatamodel */ = {isa = PBXFileReference; lastKnownFileType = wrapper.xcdatamodel; path = StoryDataModel.xcdatamodel; sourceTree = "<group>"; };
		6B782D7929D3A36600666A02 /* ApplicationCloudKitData.swift */ = {isa = PBXFileReference; lastKnownFileType = sourcecode.swift; path = ApplicationCloudKitData.swift; sourceTree = "<group>"; };
		6B7B728029DCD10C003A06DF /* Metrics.swift */ = {isa = PBXFileReference; lastKnownFileType = sourcecode.swift; path = Metrics.swift; sourceTree = "<group>"; };
		6B7B728229DCD450003A06DF /* CardHistory.swift */ = {isa = PBXFileReference; lastKnownFileType = sourcecode.swift; path = CardHistory.swift; sourceTree = "<group>"; };
		6B7DE12D2991BB2300F5EFB7 /* PlayerManager.swift */ = {isa = PBXFileReference; lastKnownFileType = sourcecode.swift; path = PlayerManager.swift; sourceTree = "<group>"; };
		6B9AF3CF29D25B97007DF2AB /* HomeViewModel.swift */ = {isa = PBXFileReference; lastKnownFileType = sourcecode.swift; path = HomeViewModel.swift; sourceTree = "<group>"; };
		6B9AF3D129D25BA2007DF2AB /* HomeView.swift */ = {isa = PBXFileReference; lastKnownFileType = sourcecode.swift; path = HomeView.swift; sourceTree = "<group>"; };
		6B9AF3D329D25BAD007DF2AB /* HomeCodableModel.swift */ = {isa = PBXFileReference; lastKnownFileType = sourcecode.swift; path = HomeCodableModel.swift; sourceTree = "<group>"; };
		6B9AF3D729D260C0007DF2AB /* DyslexicABC.entitlements */ = {isa = PBXFileReference; lastKnownFileType = text.plist.entitlements; path = DyslexicABC.entitlements; sourceTree = "<group>"; };
		6BA2E2C929DB5FAC00E5F16B /* home.json */ = {isa = PBXFileReference; lastKnownFileType = text.json; path = home.json; sourceTree = "<group>"; };
		6BA2E2CB29DB651900E5F16B /* HomeDataModel+Extensions.swift */ = {isa = PBXFileReference; lastKnownFileType = sourcecode.swift; path = "HomeDataModel+Extensions.swift"; sourceTree = "<group>"; };
		6BA2E2D029DB944500E5F16B /* Router.swift */ = {isa = PBXFileReference; lastKnownFileType = sourcecode.swift; path = Router.swift; sourceTree = "<group>"; };
		6BA2E2D229DB946E00E5F16B /* Coordinator.swift */ = {isa = PBXFileReference; lastKnownFileType = sourcecode.swift; path = Coordinator.swift; sourceTree = "<group>"; };
		6BA2E2D529DB94FE00E5F16B /* ViewFactory.swift */ = {isa = PBXFileReference; lastKnownFileType = sourcecode.swift; path = ViewFactory.swift; sourceTree = "<group>"; };
		6BAC747C2989AB86003039EE /* TextView.swift */ = {isa = PBXFileReference; lastKnownFileType = sourcecode.swift; path = TextView.swift; sourceTree = "<group>"; };
		6BAC74832989B119003039EE /* HistoryViewModel.swift */ = {isa = PBXFileReference; lastKnownFileType = sourcecode.swift; path = HistoryViewModel.swift; sourceTree = "<group>"; };
		6BAC74852989B128003039EE /* HistoryCodableData.swift */ = {isa = PBXFileReference; lastKnownFileType = sourcecode.swift; path = HistoryCodableData.swift; sourceTree = "<group>"; };
		6BAC74882989B15A003039EE /* Speaker.swift */ = {isa = PBXFileReference; lastKnownFileType = sourcecode.swift; path = Speaker.swift; sourceTree = "<group>"; };
		6BAC748D2989D9FB003039EE /* a-estrelinha-do-mar.json */ = {isa = PBXFileReference; fileEncoding = 4; lastKnownFileType = text.json; path = "a-estrelinha-do-mar.json"; sourceTree = "<group>"; };
		6BAC748F2989DB48003039EE /* ReadJsonData.swift */ = {isa = PBXFileReference; lastKnownFileType = sourcecode.swift; path = ReadJsonData.swift; sourceTree = "<group>"; };
		6BAC74922989DE89003039EE /* OpendyslexicBold-9Yo9n.otf */ = {isa = PBXFileReference; lastKnownFileType = file; path = "OpendyslexicBold-9Yo9n.otf"; sourceTree = "<group>"; };
		6BAC74932989DE89003039EE /* OpendyslexicRegular-nRLZ0.otf */ = {isa = PBXFileReference; lastKnownFileType = file; path = "OpendyslexicRegular-nRLZ0.otf"; sourceTree = "<group>"; };
		6BAC74942989DE89003039EE /* OpendyslexicItalic-lgd50.otf */ = {isa = PBXFileReference; lastKnownFileType = file; path = "OpendyslexicItalic-lgd50.otf"; sourceTree = "<group>"; };
		6BAC74952989DE89003039EE /* OpendyslexicBoldItalic-ywjGe.otf */ = {isa = PBXFileReference; lastKnownFileType = file; path = "OpendyslexicBoldItalic-ywjGe.otf"; sourceTree = "<group>"; };
		6BAC749B2989DF8E003039EE /* CustomFont.swift */ = {isa = PBXFileReference; lastKnownFileType = sourcecode.swift; path = CustomFont.swift; sourceTree = "<group>"; };
		6BAC74A12989EED4003039EE /* Silkscreen-Regular.ttf */ = {isa = PBXFileReference; lastKnownFileType = file; path = "Silkscreen-Regular.ttf"; sourceTree = "<group>"; };
		6BAC74A32989EF74003039EE /* open-dyslexic.ttf */ = {isa = PBXFileReference; lastKnownFileType = file; path = "open-dyslexic.ttf"; sourceTree = "<group>"; };
/* End PBXFileReference section */

/* Begin PBXFrameworksBuildPhase section */
		6B3260FA295A65D20067C9E4 /* Frameworks */ = {
			isa = PBXFrameworksBuildPhase;
			buildActionMask = 2147483647;
			files = (
			);
			runOnlyForDeploymentPostprocessing = 0;
		};
/* End PBXFrameworksBuildPhase section */

/* Begin PBXGroup section */
		6B3260F4295A65D20067C9E4 = {
			isa = PBXGroup;
			children = (
				6B3260FF295A65D20067C9E4 /* DyslexicABC */,
				6B3260FE295A65D20067C9E4 /* Products */,
			);
			sourceTree = "<group>";
		};
		6B3260FE295A65D20067C9E4 /* Products */ = {
			isa = PBXGroup;
			children = (
				6B3260FD295A65D20067C9E4 /* DyslexicABC.app */,
			);
			name = Products;
			sourceTree = "<group>";
		};
		6B3260FF295A65D20067C9E4 /* DyslexicABC */ = {
			isa = PBXGroup;
			children = (
				6B9AF3D729D260C0007DF2AB /* DyslexicABC.entitlements */,
				6BA2E2D429DB94F100E5F16B /* Factory */,
				6BA2E2CF29DB943100E5F16B /* Navigation */,
				6B9AF3D629D25D70007DF2AB /* View */,
				6B9AF3D529D25BF7007DF2AB /* CoreData */,
				6B49F793298C7AFE005A4C6B /* Audios */,
				6BAC74912989DE46003039EE /* Fonts */,
				6BAC74872989B14C003039EE /* Utils */,
				6BAC748A2989B1D5003039EE /* Files */,
				6BAC747E2989AF03003039EE /* Components */,
				6B326100295A65D20067C9E4 /* DyslexicABCApp.swift */,
				6B326104295A65D40067C9E4 /* Assets.xcassets */,
				6B326106295A65D40067C9E4 /* Preview Content */,
			);
			path = DyslexicABC;
			sourceTree = "<group>";
		};
		6B326106295A65D40067C9E4 /* Preview Content */ = {
			isa = PBXGroup;
			children = (
				6B326107295A65D40067C9E4 /* Preview Assets.xcassets */,
			);
			path = "Preview Content";
			sourceTree = "<group>";
		};
		6B49F793298C7AFE005A4C6B /* Audios */ = {
			isa = PBXGroup;
			children = (
				6B49F794298C7B16005A4C6B /* a-estrelinha-do-mar.mp3 */,
			);
			path = Audios;
			sourceTree = "<group>";
		};
		6B9AF3CB29D25B4D007DF2AB /* HomeView */ = {
			isa = PBXGroup;
			children = (
				6B9AF3CE29D25B8B007DF2AB /* Model */,
				6B9AF3CD29D25B85007DF2AB /* View */,
				6B9AF3CC29D25B7E007DF2AB /* ViewModel */,
			);
			path = HomeView;
			sourceTree = "<group>";
		};
		6B9AF3CC29D25B7E007DF2AB /* ViewModel */ = {
			isa = PBXGroup;
			children = (
				6B9AF3CF29D25B97007DF2AB /* HomeViewModel.swift */,
			);
			path = ViewModel;
			sourceTree = "<group>";
		};
		6B9AF3CD29D25B85007DF2AB /* View */ = {
			isa = PBXGroup;
			children = (
				6B9AF3D129D25BA2007DF2AB /* HomeView.swift */,
				6B7B728229DCD450003A06DF /* CardHistory.swift */,
			);
			path = View;
			sourceTree = "<group>";
		};
		6B9AF3CE29D25B8B007DF2AB /* Model */ = {
			isa = PBXGroup;
			children = (
				6B9AF3D329D25BAD007DF2AB /* HomeCodableModel.swift */,
				6BA2E2CB29DB651900E5F16B /* HomeDataModel+Extensions.swift */,
			);
			path = Model;
			sourceTree = "<group>";
		};
		6B9AF3D529D25BF7007DF2AB /* CoreData */ = {
			isa = PBXGroup;
			children = (
				6B53865429CE1FCF0050C441 /* CoreDataModel.xcdatamodeld */,
				6B782D7929D3A36600666A02 /* ApplicationCloudKitData.swift */,
				6B24892F29CFA1BC0066BB80 /* ApplicationData.swift */,
			);
			path = CoreData;
			sourceTree = "<group>";
		};
		6B9AF3D629D25D70007DF2AB /* View */ = {
			isa = PBXGroup;
			children = (
				6B9AF3CB29D25B4D007DF2AB /* HomeView */,
				6BAC74822989AF7A003039EE /* HistoryView */,
			);
			path = View;
			sourceTree = "<group>";
		};
		6BA2E2CF29DB943100E5F16B /* Navigation */ = {
			isa = PBXGroup;
			children = (
				6BA2E2D029DB944500E5F16B /* Router.swift */,
				6BA2E2D229DB946E00E5F16B /* Coordinator.swift */,
			);
			path = Navigation;
			sourceTree = "<group>";
		};
		6BA2E2D429DB94F100E5F16B /* Factory */ = {
			isa = PBXGroup;
			children = (
				6BA2E2D529DB94FE00E5F16B /* ViewFactory.swift */,
			);
			path = Factory;
			sourceTree = "<group>";
		};
		6BAC747E2989AF03003039EE /* Components */ = {
			isa = PBXGroup;
			children = (
				6BAC747C2989AB86003039EE /* TextView.swift */,
			);
			path = Components;
			sourceTree = "<group>";
		};
		6BAC747F2989AF44003039EE /* ViewModel */ = {
			isa = PBXGroup;
			children = (
				6BAC74832989B119003039EE /* HistoryViewModel.swift */,
			);
			path = ViewModel;
			sourceTree = "<group>";
		};
		6BAC74802989AF5A003039EE /* View */ = {
			isa = PBXGroup;
			children = (
				6B326102295A65D20067C9E4 /* HistoryView.swift */,
			);
			path = View;
			sourceTree = "<group>";
		};
		6BAC74812989AF68003039EE /* Model */ = {
			isa = PBXGroup;
			children = (
				6B24893129CFB0540066BB80 /* HistoryData+Extensions.swift */,
				6BAC74852989B128003039EE /* HistoryCodableData.swift */,
			);
			path = Model;
			sourceTree = "<group>";
		};
		6BAC74822989AF7A003039EE /* HistoryView */ = {
			isa = PBXGroup;
			children = (
				6BAC747F2989AF44003039EE /* ViewModel */,
				6BAC74802989AF5A003039EE /* View */,
				6BAC74812989AF68003039EE /* Model */,
			);
			path = HistoryView;
			sourceTree = "<group>";
		};
		6BAC74872989B14C003039EE /* Utils */ = {
			isa = PBXGroup;
			children = (
				6BAC74882989B15A003039EE /* Speaker.swift */,
				6BAC748F2989DB48003039EE /* ReadJsonData.swift */,
				6BAC749B2989DF8E003039EE /* CustomFont.swift */,
				6B7DE12D2991BB2300F5EFB7 /* PlayerManager.swift */,
				6B7B728029DCD10C003A06DF /* Metrics.swift */,
			);
			path = Utils;
			sourceTree = "<group>";
		};
		6BAC748A2989B1D5003039EE /* Files */ = {
			isa = PBXGroup;
			children = (
				6BAC748D2989D9FB003039EE /* a-estrelinha-do-mar.json */,
				6BA2E2C929DB5FAC00E5F16B /* home.json */,
			);
			path = Files;
			sourceTree = "<group>";
		};
		6BAC74912989DE46003039EE /* Fonts */ = {
			isa = PBXGroup;
			children = (
				6BAC74A32989EF74003039EE /* open-dyslexic.ttf */,
				6BAC74922989DE89003039EE /* OpendyslexicBold-9Yo9n.otf */,
				6BAC74A12989EED4003039EE /* Silkscreen-Regular.ttf */,
				6BAC74952989DE89003039EE /* OpendyslexicBoldItalic-ywjGe.otf */,
				6BAC74942989DE89003039EE /* OpendyslexicItalic-lgd50.otf */,
				6BAC74932989DE89003039EE /* OpendyslexicRegular-nRLZ0.otf */,
			);
			path = Fonts;
			sourceTree = "<group>";
		};
/* End PBXGroup section */

/* Begin PBXNativeTarget section */
		6B3260FC295A65D20067C9E4 /* DyslexicABC */ = {
			isa = PBXNativeTarget;
			buildConfigurationList = 6B32610B295A65D40067C9E4 /* Build configuration list for PBXNativeTarget "DyslexicABC" */;
			buildPhases = (
				6B3260F9295A65D20067C9E4 /* Sources */,
				6B3260FA295A65D20067C9E4 /* Frameworks */,
				6B3260FB295A65D20067C9E4 /* Resources */,
			);
			buildRules = (
			);
			dependencies = (
			);
			name = DyslexicABC;
			productName = DyslexicABC;
			productReference = 6B3260FD295A65D20067C9E4 /* DyslexicABC.app */;
			productType = "com.apple.product-type.application";
		};
/* End PBXNativeTarget section */

/* Begin PBXProject section */
		6B3260F5295A65D20067C9E4 /* Project object */ = {
			isa = PBXProject;
			attributes = {
				BuildIndependentTargetsInParallel = 1;
				LastSwiftUpdateCheck = 1400;
				LastUpgradeCheck = 1400;
				TargetAttributes = {
					6B3260FC295A65D20067C9E4 = {
						CreatedOnToolsVersion = 14.0.1;
					};
				};
			};
			buildConfigurationList = 6B3260F8295A65D20067C9E4 /* Build configuration list for PBXProject "DyslexicABC" */;
			compatibilityVersion = "Xcode 14.0";
			developmentRegion = en;
			hasScannedForEncodings = 0;
			knownRegions = (
				en,
				Base,
			);
			mainGroup = 6B3260F4295A65D20067C9E4;
			productRefGroup = 6B3260FE295A65D20067C9E4 /* Products */;
			projectDirPath = "";
			projectRoot = "";
			targets = (
				6B3260FC295A65D20067C9E4 /* DyslexicABC */,
			);
		};
/* End PBXProject section */

/* Begin PBXResourcesBuildPhase section */
		6B3260FB295A65D20067C9E4 /* Resources */ = {
			isa = PBXResourcesBuildPhase;
			buildActionMask = 2147483647;
			files = (
				6BAC74972989DE89003039EE /* OpendyslexicRegular-nRLZ0.otf in Resources */,
				6BAC74992989DE89003039EE /* OpendyslexicBoldItalic-ywjGe.otf in Resources */,
				6BAC74A42989EF74003039EE /* open-dyslexic.ttf in Resources */,
				6BA2E2CA29DB5FAC00E5F16B /* home.json in Resources */,
				6B326108295A65D40067C9E4 /* Preview Assets.xcassets in Resources */,
				6B326105295A65D40067C9E4 /* Assets.xcassets in Resources */,
				6BAC74A22989EED4003039EE /* Silkscreen-Regular.ttf in Resources */,
				6BAC74982989DE89003039EE /* OpendyslexicItalic-lgd50.otf in Resources */,
				6BAC74962989DE89003039EE /* OpendyslexicBold-9Yo9n.otf in Resources */,
				6BAC748E2989D9FB003039EE /* a-estrelinha-do-mar.json in Resources */,
				6B49F795298C7B16005A4C6B /* a-estrelinha-do-mar.mp3 in Resources */,
			);
			runOnlyForDeploymentPostprocessing = 0;
		};
/* End PBXResourcesBuildPhase section */

/* Begin PBXSourcesBuildPhase section */
		6B3260F9295A65D20067C9E4 /* Sources */ = {
			isa = PBXSourcesBuildPhase;
			buildActionMask = 2147483647;
			files = (
				6BA2E2CC29DB651900E5F16B /* HomeDataModel+Extensions.swift in Sources */,
				6BAC749C2989DF8E003039EE /* CustomFont.swift in Sources */,
				6BAC74842989B119003039EE /* HistoryViewModel.swift in Sources */,
				6BAC747D2989AB86003039EE /* TextView.swift in Sources */,
				6B782D7A29D3A36600666A02 /* ApplicationCloudKitData.swift in Sources */,
				6BA2E2D129DB944500E5F16B /* Router.swift in Sources */,
				6B326103295A65D20067C9E4 /* HistoryView.swift in Sources */,
				6B53865629CE1FCF0050C441 /* CoreDataModel.xcdatamodeld in Sources */,
				6BAC74892989B15A003039EE /* Speaker.swift in Sources */,
				6B24893029CFA1BC0066BB80 /* ApplicationData.swift in Sources */,
				6B9AF3D429D25BAD007DF2AB /* HomeCodableModel.swift in Sources */,
				6BA2E2D329DB946E00E5F16B /* Coordinator.swift in Sources */,
				6B7B728329DCD450003A06DF /* CardHistory.swift in Sources */,
				6B7B728129DCD10C003A06DF /* Metrics.swift in Sources */,
				6B24893229CFB0540066BB80 /* HistoryData+Extensions.swift in Sources */,
				6BAC74862989B128003039EE /* HistoryCodableData.swift in Sources */,
				6B326101295A65D20067C9E4 /* DyslexicABCApp.swift in Sources */,
				6B7DE12E2991BB2300F5EFB7 /* PlayerManager.swift in Sources */,
				6B9AF3D229D25BA2007DF2AB /* HomeView.swift in Sources */,
				6B9AF3D029D25B97007DF2AB /* HomeViewModel.swift in Sources */,
				6BA2E2D629DB94FE00E5F16B /* ViewFactory.swift in Sources */,
				6BAC74902989DB48003039EE /* ReadJsonData.swift in Sources */,
			);
			runOnlyForDeploymentPostprocessing = 0;
		};
/* End PBXSourcesBuildPhase section */

/* Begin XCBuildConfiguration section */
		6B326109295A65D40067C9E4 /* Debug */ = {
			isa = XCBuildConfiguration;
			buildSettings = {
				ALWAYS_SEARCH_USER_PATHS = NO;
				CLANG_ANALYZER_NONNULL = YES;
				CLANG_ANALYZER_NUMBER_OBJECT_CONVERSION = YES_AGGRESSIVE;
				CLANG_CXX_LANGUAGE_STANDARD = "gnu++20";
				CLANG_ENABLE_MODULES = YES;
				CLANG_ENABLE_OBJC_ARC = YES;
				CLANG_ENABLE_OBJC_WEAK = YES;
				CLANG_WARN_BLOCK_CAPTURE_AUTORELEASING = YES;
				CLANG_WARN_BOOL_CONVERSION = YES;
				CLANG_WARN_COMMA = YES;
				CLANG_WARN_CONSTANT_CONVERSION = YES;
				CLANG_WARN_DEPRECATED_OBJC_IMPLEMENTATIONS = YES;
				CLANG_WARN_DIRECT_OBJC_ISA_USAGE = YES_ERROR;
				CLANG_WARN_DOCUMENTATION_COMMENTS = YES;
				CLANG_WARN_EMPTY_BODY = YES;
				CLANG_WARN_ENUM_CONVERSION = YES;
				CLANG_WARN_INFINITE_RECURSION = YES;
				CLANG_WARN_INT_CONVERSION = YES;
				CLANG_WARN_NON_LITERAL_NULL_CONVERSION = YES;
				CLANG_WARN_OBJC_IMPLICIT_RETAIN_SELF = YES;
				CLANG_WARN_OBJC_LITERAL_CONVERSION = YES;
				CLANG_WARN_OBJC_ROOT_CLASS = YES_ERROR;
				CLANG_WARN_QUOTED_INCLUDE_IN_FRAMEWORK_HEADER = YES;
				CLANG_WARN_RANGE_LOOP_ANALYSIS = YES;
				CLANG_WARN_STRICT_PROTOTYPES = YES;
				CLANG_WARN_SUSPICIOUS_MOVE = YES;
				CLANG_WARN_UNGUARDED_AVAILABILITY = YES_AGGRESSIVE;
				CLANG_WARN_UNREACHABLE_CODE = YES;
				CLANG_WARN__DUPLICATE_METHOD_MATCH = YES;
				COPY_PHASE_STRIP = NO;
				DEBUG_INFORMATION_FORMAT = dwarf;
				ENABLE_STRICT_OBJC_MSGSEND = YES;
				ENABLE_TESTABILITY = YES;
				GCC_C_LANGUAGE_STANDARD = gnu11;
				GCC_DYNAMIC_NO_PIC = NO;
				GCC_NO_COMMON_BLOCKS = YES;
				GCC_OPTIMIZATION_LEVEL = 0;
				GCC_PREPROCESSOR_DEFINITIONS = (
					"DEBUG=1",
					"$(inherited)",
				);
				GCC_WARN_64_TO_32_BIT_CONVERSION = YES;
				GCC_WARN_ABOUT_RETURN_TYPE = YES_ERROR;
				GCC_WARN_UNDECLARED_SELECTOR = YES;
				GCC_WARN_UNINITIALIZED_AUTOS = YES_AGGRESSIVE;
				GCC_WARN_UNUSED_FUNCTION = YES;
				GCC_WARN_UNUSED_VARIABLE = YES;
				IPHONEOS_DEPLOYMENT_TARGET = 16.0;
				MTL_ENABLE_DEBUG_INFO = INCLUDE_SOURCE;
				MTL_FAST_MATH = YES;
				ONLY_ACTIVE_ARCH = YES;
				SDKROOT = iphoneos;
				SWIFT_ACTIVE_COMPILATION_CONDITIONS = DEBUG;
				SWIFT_OPTIMIZATION_LEVEL = "-Onone";
			};
			name = Debug;
		};
		6B32610A295A65D40067C9E4 /* Release */ = {
			isa = XCBuildConfiguration;
			buildSettings = {
				ALWAYS_SEARCH_USER_PATHS = NO;
				CLANG_ANALYZER_NONNULL = YES;
				CLANG_ANALYZER_NUMBER_OBJECT_CONVERSION = YES_AGGRESSIVE;
				CLANG_CXX_LANGUAGE_STANDARD = "gnu++20";
				CLANG_ENABLE_MODULES = YES;
				CLANG_ENABLE_OBJC_ARC = YES;
				CLANG_ENABLE_OBJC_WEAK = YES;
				CLANG_WARN_BLOCK_CAPTURE_AUTORELEASING = YES;
				CLANG_WARN_BOOL_CONVERSION = YES;
				CLANG_WARN_COMMA = YES;
				CLANG_WARN_CONSTANT_CONVERSION = YES;
				CLANG_WARN_DEPRECATED_OBJC_IMPLEMENTATIONS = YES;
				CLANG_WARN_DIRECT_OBJC_ISA_USAGE = YES_ERROR;
				CLANG_WARN_DOCUMENTATION_COMMENTS = YES;
				CLANG_WARN_EMPTY_BODY = YES;
				CLANG_WARN_ENUM_CONVERSION = YES;
				CLANG_WARN_INFINITE_RECURSION = YES;
				CLANG_WARN_INT_CONVERSION = YES;
				CLANG_WARN_NON_LITERAL_NULL_CONVERSION = YES;
				CLANG_WARN_OBJC_IMPLICIT_RETAIN_SELF = YES;
				CLANG_WARN_OBJC_LITERAL_CONVERSION = YES;
				CLANG_WARN_OBJC_ROOT_CLASS = YES_ERROR;
				CLANG_WARN_QUOTED_INCLUDE_IN_FRAMEWORK_HEADER = YES;
				CLANG_WARN_RANGE_LOOP_ANALYSIS = YES;
				CLANG_WARN_STRICT_PROTOTYPES = YES;
				CLANG_WARN_SUSPICIOUS_MOVE = YES;
				CLANG_WARN_UNGUARDED_AVAILABILITY = YES_AGGRESSIVE;
				CLANG_WARN_UNREACHABLE_CODE = YES;
				CLANG_WARN__DUPLICATE_METHOD_MATCH = YES;
				COPY_PHASE_STRIP = NO;
				DEBUG_INFORMATION_FORMAT = "dwarf-with-dsym";
				ENABLE_NS_ASSERTIONS = NO;
				ENABLE_STRICT_OBJC_MSGSEND = YES;
				GCC_C_LANGUAGE_STANDARD = gnu11;
				GCC_NO_COMMON_BLOCKS = YES;
				GCC_WARN_64_TO_32_BIT_CONVERSION = YES;
				GCC_WARN_ABOUT_RETURN_TYPE = YES_ERROR;
				GCC_WARN_UNDECLARED_SELECTOR = YES;
				GCC_WARN_UNINITIALIZED_AUTOS = YES_AGGRESSIVE;
				GCC_WARN_UNUSED_FUNCTION = YES;
				GCC_WARN_UNUSED_VARIABLE = YES;
				IPHONEOS_DEPLOYMENT_TARGET = 16.0;
				MTL_ENABLE_DEBUG_INFO = NO;
				MTL_FAST_MATH = YES;
				SDKROOT = iphoneos;
				SWIFT_COMPILATION_MODE = wholemodule;
				SWIFT_OPTIMIZATION_LEVEL = "-O";
				VALIDATE_PRODUCT = YES;
			};
			name = Release;
		};
		6B32610C295A65D40067C9E4 /* Debug */ = {
			isa = XCBuildConfiguration;
			buildSettings = {
				ASSETCATALOG_COMPILER_APPICON_NAME = AppIcon;
				ASSETCATALOG_COMPILER_GLOBAL_ACCENT_COLOR_NAME = AccentColor;
				CODE_SIGN_ENTITLEMENTS = DyslexicABC/DyslexicABC.entitlements;
				CODE_SIGN_STYLE = Automatic;
				CURRENT_PROJECT_VERSION = 1;
				DEVELOPMENT_ASSET_PATHS = "\"DyslexicABC/Preview Content\"";
				DEVELOPMENT_TEAM = DHZ8T8PDJ7;
				ENABLE_PREVIEWS = YES;
				GENERATE_INFOPLIST_FILE = YES;
				INFOPLIST_FILE = DyslexicABC/Info.plist;
				INFOPLIST_KEY_LSApplicationCategoryType = "";
				INFOPLIST_KEY_NSSpeechRecognitionUsageDescription = "Para transcrever o audio";
				INFOPLIST_KEY_UIApplicationSupportsIndirectInputEvents = YES;
				INFOPLIST_KEY_UILaunchScreen_Generation = YES;
				INFOPLIST_KEY_UISupportedInterfaceOrientations_iPad = "UIInterfaceOrientationPortrait UIInterfaceOrientationPortraitUpsideDown UIInterfaceOrientationLandscapeLeft UIInterfaceOrientationLandscapeRight";
				INFOPLIST_KEY_UISupportedInterfaceOrientations_iPhone = "UIInterfaceOrientationPortrait UIInterfaceOrientationLandscapeLeft UIInterfaceOrientationLandscapeRight";
				LD_RUNPATH_SEARCH_PATHS = (
					"$(inherited)",
					"@executable_path/Frameworks",
				);
				MARKETING_VERSION = 1.0;
				PRODUCT_BUNDLE_IDENTIFIER = lidiane.gomes.barbosa.DyslexicABC;
				PRODUCT_NAME = "$(TARGET_NAME)";
				SWIFT_EMIT_LOC_STRINGS = YES;
				SWIFT_VERSION = 5.0;
				TARGETED_DEVICE_FAMILY = "1,2";
			};
			name = Debug;
		};
		6B32610D295A65D40067C9E4 /* Release */ = {
			isa = XCBuildConfiguration;
			buildSettings = {
				ASSETCATALOG_COMPILER_APPICON_NAME = AppIcon;
				ASSETCATALOG_COMPILER_GLOBAL_ACCENT_COLOR_NAME = AccentColor;
				CODE_SIGN_ENTITLEMENTS = DyslexicABC/DyslexicABC.entitlements;
				CODE_SIGN_STYLE = Automatic;
				CURRENT_PROJECT_VERSION = 1;
				DEVELOPMENT_ASSET_PATHS = "\"DyslexicABC/Preview Content\"";
				DEVELOPMENT_TEAM = DHZ8T8PDJ7;
				ENABLE_PREVIEWS = YES;
				GENERATE_INFOPLIST_FILE = YES;
				INFOPLIST_FILE = DyslexicABC/Info.plist;
				INFOPLIST_KEY_LSApplicationCategoryType = "";
				INFOPLIST_KEY_NSSpeechRecognitionUsageDescription = "Para transcrever o audio";
				INFOPLIST_KEY_UIApplicationSupportsIndirectInputEvents = YES;
				INFOPLIST_KEY_UILaunchScreen_Generation = YES;
				INFOPLIST_KEY_UISupportedInterfaceOrientations_iPad = "UIInterfaceOrientationPortrait UIInterfaceOrientationPortraitUpsideDown UIInterfaceOrientationLandscapeLeft UIInterfaceOrientationLandscapeRight";
				INFOPLIST_KEY_UISupportedInterfaceOrientations_iPhone = "UIInterfaceOrientationPortrait UIInterfaceOrientationLandscapeLeft UIInterfaceOrientationLandscapeRight";
				LD_RUNPATH_SEARCH_PATHS = (
					"$(inherited)",
					"@executable_path/Frameworks",
				);
				MARKETING_VERSION = 1.0;
				PRODUCT_BUNDLE_IDENTIFIER = lidiane.gomes.barbosa.DyslexicABC;
				PRODUCT_NAME = "$(TARGET_NAME)";
				SWIFT_EMIT_LOC_STRINGS = YES;
				SWIFT_VERSION = 5.0;
				TARGETED_DEVICE_FAMILY = "1,2";
			};
			name = Release;
		};
/* End XCBuildConfiguration section */

/* Begin XCConfigurationList section */
		6B3260F8295A65D20067C9E4 /* Build configuration list for PBXProject "DyslexicABC" */ = {
			isa = XCConfigurationList;
			buildConfigurations = (
				6B326109295A65D40067C9E4 /* Debug */,
				6B32610A295A65D40067C9E4 /* Release */,
			);
			defaultConfigurationIsVisible = 0;
			defaultConfigurationName = Release;
		};
		6B32610B295A65D40067C9E4 /* Build configuration list for PBXNativeTarget "DyslexicABC" */ = {
			isa = XCConfigurationList;
			buildConfigurations = (
				6B32610C295A65D40067C9E4 /* Debug */,
				6B32610D295A65D40067C9E4 /* Release */,
			);
			defaultConfigurationIsVisible = 0;
			defaultConfigurationName = Release;
		};
/* End XCConfigurationList section */

/* Begin XCVersionGroup section */
		6B53865429CE1FCF0050C441 /* CoreDataModel.xcdatamodeld */ = {
			isa = XCVersionGroup;
			children = (
				6B53865529CE1FCF0050C441 /* StoryDataModel.xcdatamodel */,
			);
			currentVersion = 6B53865529CE1FCF0050C441 /* StoryDataModel.xcdatamodel */;
			path = CoreDataModel.xcdatamodeld;
			sourceTree = "<group>";
			versionGroupType = wrapper.xcdatamodel;
		};
/* End XCVersionGroup section */
	};
	rootObject = 6B3260F5295A65D20067C9E4 /* Project object */;
}
